
Microsoft Visual Studio Solution File, Format Version 12.00
# Visual Studio Version 16
VisualStudioVersion = 16.0.30523.141
MinimumVisualStudioVersion = 10.0.40219.1
Project("{FAE04EC0-301F-11D3-BF4B-00C04F79EFBC}") = "OraiMunka20210407", "OraiMunka20210407\OraiMunka20210407.csproj", "{21CE4E8B-A558-42FD-B67D-E07703558C4C}"
EndProject
Global
	GlobalSection(SolutionConfigurationPlatforms) = preSolution
		Debug|Any CPU = Debug|Any CPU
		Release|Any CPU = Release|Any CPU
	EndGlobalSection
	GlobalSection(ProjectConfigurationPlatforms) = postSolution
		{21CE4E8B-A558-42FD-B67D-E07703558C4C}.Debug|Any CPU.ActiveCfg = Debug|Any CPU
		{21CE4E8B-A558-42FD-B67D-E07703558C4C}.Debug|Any CPU.Build.0 = Debug|Any CPU
		{21CE4E8B-A558-42FD-B67D-E07703558C4C}.Release|Any CPU.ActiveCfg = Release|Any CPU
		{21CE4E8B-A558-42FD-B67D-E07703558C4C}.Release|Any CPU.Build.0 = Release|Any CPU
	EndGlobalSection
	GlobalSection(SolutionProperties) = preSolution
		HideSolutionNode = FALSE
	EndGlobalSection
	GlobalSection(ExtensibilityGlobals) = postSolution
		SolutionGuid = {D37A843D-39FF-4BE8-BE24-164356C9C346}
	EndGlobalSection
EndGlobal
